{
  "nodes": {
    "nixpkgs": {
      "locked": {
        "lastModified": 1602171281,
        "narHash": "sha256-yMTXINoCp6cDY4jVhrZeko34a5upzXfPyOiQeMPkI4o=",
        "owner": "NixOS",
        "repo": "nixpkgs",
        "rev": "2c9ffeeda141636e96c33aadbefa30c7c3ac681a",
        "type": "github"
      },
      "original": {
        "id": "nixpkgs",
        "type": "indirect"
      }
    },
    "root": {
      "inputs": {
        "nixpkgs": "nixpkgs"
      }
    }
  },
  "root": "root",
  "version": 7
}
